<?xml version="1.0" encoding="utf-8"?>
<Project ToolsVersion="17.0" xmlns="http://schemas.microsoft.com/developer/msbuild/2003">
  <ItemGroup>
    <CustomBuild Include="C:\Users\Asus\Desktop\sketch-effect\CMakeFiles\156beb9c2ec412b54b4cdbad0e4beeb7\generate.stamp.rule">
      <Filter>CMake Rules</Filter>
    </CustomBuild>
  </ItemGroup>
  <ItemGroup>
    <Filter Include="CMake Rules">
      <UniqueIdentifier>{7582173F-5F5B-33B8-AC8C-A0A392143BCF}</UniqueIdentifier>
    </Filter>
  </ItemGroup>
</Project>
